{
  "version": 4,
  "terraform_version": "0.15.0",
  "serial": 24,
  "lineage": "e728e188-65df-70a3-de5c-2cc5dacb8de8",
  "outputs": {
    "instance_id": {
      "value": "i-056c2b46384344aef",
      "type": "string"
    },
    "instance_name": {
      "value": "ExampleAppServerInstance",
      "type": "string"
    },
    "instance_public_ip": {
      "value": "13.236.67.168",
      "type": "string"
    }
  },
  "resources": [
    {
      "mode": "managed",
      "type": "aws_instance",
      "name": "app_server",
      "provider": "provider[\"registry.terraform.io/hashicorp/aws\"]",
      "instances": [
        {
          "schema_version": 1,
          "attributes": {
            "ami": "ami-0a43280cfb87ffdba",
            "arn": "arn:aws:ec2:ap-southeast-2:651552236610:instance/i-056c2b46384344aef",
            "associate_public_ip_address": true,
            "availability_zone": "ap-southeast-2a",
            "cpu_core_count": 1,
            "cpu_threads_per_core": 1,
            "credit_specification": [
              {
                "cpu_credits": "standard"
              }
            ],
            "disable_api_termination": false,
            "ebs_block_device": [
              {
                "delete_on_termination": true,
                "device_name": "/dev/sda1",
                "encrypted": false,
                "iops": 100,
                "kms_key_id": "",
                "snapshot_id": "snap-0c266d86808044c79",
                "tags": {},
                "throughput": 0,
                "volume_id": "vol-079e1ab8b215b00e9",
                "volume_size": 16,
                "volume_type": "gp2"
              }
            ],
            "ebs_optimized": false,
            "enclave_options": [
              {
                "enabled": false
              }
            ],
            "ephemeral_block_device": [],
            "get_password_data": false,
            "hibernation": false,
            "host_id": null,
            "iam_instance_profile": "",
            "id": "i-056c2b46384344aef",
            "instance_initiated_shutdown_behavior": null,
            "instance_state": "running",
            "instance_type": "t2.micro",
            "ipv6_address_count": 0,
            "ipv6_addresses": [],
            "key_name": "temp_key",
            "metadata_options": [
              {
                "http_endpoint": "enabled",
                "http_put_response_hop_limit": 1,
                "http_tokens": "optional"
              }
            ],
            "monitoring": false,
            "network_interface": [],
            "outpost_arn": "",
            "password_data": "",
            "placement_group": "",
            "primary_network_interface_id": "eni-077a67e53deeede6f",
            "private_dns": "ip-172-31-2-153.ap-southeast-2.compute.internal",
            "private_ip": "172.31.2.153",
            "public_dns": "ec2-13-236-67-168.ap-southeast-2.compute.amazonaws.com",
            "public_ip": "13.236.67.168",
            "root_block_device": [
              {
                "delete_on_termination": true,
                "device_name": "/dev/sda1",
                "encrypted": false,
                "iops": 100,
                "kms_key_id": "",
                "tags": {},
                "throughput": 0,
                "volume_id": "vol-079e1ab8b215b00e9",
                "volume_size": 16,
                "volume_type": "gp2"
              }
            ],
            "secondary_private_ips": [],
            "security_groups": [
              "SSH Security"
            ],
            "source_dest_check": true,
            "subnet_id": "subnet-73b57a15",
            "tags": {
              "Name": "ExampleAppServerInstance"
            },
            "tenancy": "default",
            "timeouts": null,
            "user_data": null,
            "user_data_base64": null,
            "volume_tags": null,
            "vpc_security_group_ids": [
              "sg-08a8e79978ff95fbc"
            ]
          },
          "sensitive_attributes": [],
          "private": "eyJlMmJmYjczMC1lY2FhLTExZTYtOGY4OC0zNDM2M2JjN2M0YzAiOnsiY3JlYXRlIjo2MDAwMDAwMDAwMDAsImRlbGV0ZSI6MTIwMDAwMDAwMDAwMCwidXBkYXRlIjo2MDAwMDAwMDAwMDB9LCJzY2hlbWFfdmVyc2lvbiI6IjEifQ=="
        }
      ]
    },
    {
      "mode": "managed",
      "type": "aws_key_pair",
      "name": "temp_key",
      "provider": "provider[\"registry.terraform.io/hashicorp/aws\"]",
      "instances": [
        {
          "schema_version": 1,
          "attributes": {
            "arn": "arn:aws:ec2:ap-southeast-2:651552236610:key-pair/temp_key",
            "fingerprint": "19:b3:8e:cd:b6:9e:2b:41:85:ef:d2:00:94:c5:3a:55",
            "id": "temp_key",
            "key_name": "temp_key",
            "key_name_prefix": null,
            "key_pair_id": "key-05f78543603310a79",
            "public_key": "ssh-rsa AAAAB3NzaC1yc2EAAAADAQABAAABgQDsCxdoaQ9fCJNFiGG+lZUIe+kaapsXHSJg9j/KG5RjWuVRwumf9BFwQErqCPHsb2CZ4oVJeofh26lQaatnyjGNl3wBHemHPbuinx1Qkg0a0rz6g4XVhXH3+jJ0H2Wnqh77R9pzrOFznXIL2xEQl/2BwgofsFxnhWFCRZvtsMTSG57MnL2bbZRZToLWYktN2YYb8bqEB/COKTykb5S4Ji8Fz523KSGVLfS+9qkG+TTux+iQvLsxfW5mQ+SF5O7jKRBVjzJWkhaL5/ztSUA2KSalF7ik1JQqKuRxszEnAV/wHjW1Zg1JUpe7TPRCAN4DMG6wE7lTS0RV++uOUtpzNnQXvDk+QkIhFkafb0UBu8AjsUmVFGbGmhy6Vzy0h7H8C9Iu9IvrH7wxwEJi6/+sRuWKMZlsXntLoJVEAdmRenjotps41FKVgWeh45Dls8XzS1gxc/ooaZmM7j0syEMtwSMjX1bz1GQJjU9M6Ts3sWODl8F6XrscCtWlG4iCAD4XQ0U= root@402e3ceb28a7",
            "tags": null
          },
          "sensitive_attributes": [],
          "private": "eyJzY2hlbWFfdmVyc2lvbiI6IjEifQ=="
        }
      ]
    }
  ]
}
